
Microsoft Visual Studio Solution File, Format Version 12.00
# Visual Studio Version 16
VisualStudioVersion = 16.0.31702.278
MinimumVisualStudioVersion = 10.0.40219.1
Project("{FAE04EC0-301F-11D3-BF4B-00C04F79EFBC}") = "DenVis", "DenVis\DenVis.csproj", "{B9D051C2-5AE5-49E0-939D-EE25D74FD0FA}"
EndProject
Global
	GlobalSection(SolutionConfigurationPlatforms) = preSolution
		Debug|Any CPU = Debug|Any CPU
		Release|Any CPU = Release|Any CPU
	EndGlobalSection
	GlobalSection(ProjectConfigurationPlatforms) = postSolution
		{B9D051C2-5AE5-49E0-939D-EE25D74FD0FA}.Debug|Any CPU.ActiveCfg = Debug|Any CPU
		{B9D051C2-5AE5-49E0-939D-EE25D74FD0FA}.Debug|Any CPU.Build.0 = Debug|Any CPU
		{B9D051C2-5AE5-49E0-939D-EE25D74FD0FA}.Release|Any CPU.ActiveCfg = Release|Any CPU
		{B9D051C2-5AE5-49E0-939D-EE25D74FD0FA}.Release|Any CPU.Build.0 = Release|Any CPU
	EndGlobalSection
	GlobalSection(SolutionProperties) = preSolution
		HideSolutionNode = FALSE
	EndGlobalSection
	GlobalSection(ExtensibilityGlobals) = postSolution
		SolutionGuid = {48EA63E8-701C-4BDE-B9F2-35643961A5CA}
	EndGlobalSection
EndGlobal
